// !$*UTF8*$!
{
	archiveVersion = 1;
	classes = {
	};
	objectVersion = 56;
	objects = {

/* Begin PBXBuildFile section */
		AC1C7A872A092D0D00B8709C /* ContentView.swift in Sources */ = {isa = PBXBuildFile; fileRef = AC1C7A852A092D0D00B8709C /* ContentView.swift */; };
		AC1C7A882A092D0D00B8709C /* NewHomeSlideView.swift in Sources */ = {isa = PBXBuildFile; fileRef = AC1C7A862A092D0D00B8709C /* NewHomeSlideView.swift */; };
		AC1C7A8A2A092F9700B8709C /* NewHomeHeaderView.swift in Sources */ = {isa = PBXBuildFile; fileRef = AC1C7A892A092F9700B8709C /* NewHomeHeaderView.swift */; };
		AC1C7A8C2A09303200B8709C /* NewHomeSlide.swift in Sources */ = {isa = PBXBuildFile; fileRef = AC1C7A8B2A09303200B8709C /* NewHomeSlide.swift */; };
		AC24BD992A1C5BAB00920EA2 /* GET.swift in Sources */ = {isa = PBXBuildFile; fileRef = AC24BD982A1C5BAB00920EA2 /* GET.swift */; };
		AC4FD00C2A1257BC00314625 /* MapKittenTabView.swift in Sources */ = {isa = PBXBuildFile; fileRef = AC1C7A952A0B8BC500B8709C /* MapKittenTabView.swift */; };
		AC4FD0122A125DBC00314625 /* Assets.xcassets in Resources */ = {isa = PBXBuildFile; fileRef = F573B76D2A01423000ADB834 /* Assets.xcassets */; };
		AC4FD0142A12687900314625 /* DiaryHeaderView.swift in Sources */ = {isa = PBXBuildFile; fileRef = AC4FD0132A12687900314625 /* DiaryHeaderView.swift */; };
		AC4FD0162A126AFA00314625 /* DiarySlideView.swift in Sources */ = {isa = PBXBuildFile; fileRef = AC4FD0152A126AFA00314625 /* DiarySlideView.swift */; };
		AC4FD0182A127D6200314625 /* DiarySlide.swift in Sources */ = {isa = PBXBuildFile; fileRef = AC4FD0172A127D6200314625 /* DiarySlide.swift */; };
		AC6142082A1CD16300D1E30F /* MapBoard.swift in Sources */ = {isa = PBXBuildFile; fileRef = AC6142072A1CD16300D1E30F /* MapBoard.swift */; };
		AC9167D42A15A80600005377 /* CommentsPiece.swift in Sources */ = {isa = PBXBuildFile; fileRef = AC9167D32A15A80600005377 /* CommentsPiece.swift */; };
		AC9167D82A15B28400005377 /* CommentView.swift in Sources */ = {isa = PBXBuildFile; fileRef = AC9167D72A15B28400005377 /* CommentView.swift */; };
		AC94D9132A0F43CC00F5EA6E /* MapBottomView.swift in Sources */ = {isa = PBXBuildFile; fileRef = AC94D9122A0F43CC00F5EA6E /* MapBottomView.swift */; };
		AC9740D02A13B14300E84A76 /* Home.swift in Sources */ = {isa = PBXBuildFile; fileRef = AC9740CF2A13B14300E84A76 /* Home.swift */; };
		AF1C54962A1E53F200676467 /* Diary.swift in Sources */ = {isa = PBXBuildFile; fileRef = AF1C54952A1E53F200676467 /* Diary.swift */; };
		AF1C549D2A1E66BB00676467 /* SendAPI.swift in Sources */ = {isa = PBXBuildFile; fileRef = AF1C549C2A1E66BB00676467 /* SendAPI.swift */; };
		AF44691B2A1A076A00DA51E8 /* Board.swift in Sources */ = {isa = PBXBuildFile; fileRef = AF44691A2A1A076A00DA51E8 /* Board.swift */; };
		AF44691D2A1A0A2200DA51E8 /* Comment.swift in Sources */ = {isa = PBXBuildFile; fileRef = AF44691C2A1A0A2200DA51E8 /* Comment.swift */; };
		AF4A66AE2A0BABBA00BA8876 /* KeyboardHandler.swift in Sources */ = {isa = PBXBuildFile; fileRef = AF4A66AD2A0BABBA00BA8876 /* KeyboardHandler.swift */; };
		AF4A66B02A0BBF3200BA8876 /* HideKeyboard.swift in Sources */ = {isa = PBXBuildFile; fileRef = AF4A66AF2A0BBF3200BA8876 /* HideKeyboard.swift */; };
		AF96E3512A1537AE00A61CCA /* SimpleFeedList.swift in Sources */ = {isa = PBXBuildFile; fileRef = AF96E3502A1537AD00A61CCA /* SimpleFeedList.swift */; };
		AF98A6A32A11295400EC8D39 /* DropdownMenuOption.swift in Sources */ = {isa = PBXBuildFile; fileRef = AF98A69F2A11295400EC8D39 /* DropdownMenuOption.swift */; };
		AF98A6A42A11295400EC8D39 /* DropdownMenuList.swift in Sources */ = {isa = PBXBuildFile; fileRef = AF98A6A02A11295400EC8D39 /* DropdownMenuList.swift */; };
		AF98A6A52A11295400EC8D39 /* DropdownMenuListRow.swift in Sources */ = {isa = PBXBuildFile; fileRef = AF98A6A12A11295400EC8D39 /* DropdownMenuListRow.swift */; };
		AF98A6A62A11295400EC8D39 /* DropdownMenu.swift in Sources */ = {isa = PBXBuildFile; fileRef = AF98A6A22A11295400EC8D39 /* DropdownMenu.swift */; };
		AFCF4F292A1E9263004657C0 /* HeartButton.swift in Sources */ = {isa = PBXBuildFile; fileRef = AFCF4F282A1E9263004657C0 /* HeartButton.swift */; };
		AFEE20412A09173D00412FD9 /* ImagePicker.swift in Sources */ = {isa = PBXBuildFile; fileRef = AFEE20402A09173D00412FD9 /* ImagePicker.swift */; };
		AFEE20452A09179800412FD9 /* ToggleView.swift in Sources */ = {isa = PBXBuildFile; fileRef = AFEE20422A09179700412FD9 /* ToggleView.swift */; };
		AFEE20472A09179800412FD9 /* WriteView.swift in Sources */ = {isa = PBXBuildFile; fileRef = AFEE20442A09179800412FD9 /* WriteView.swift */; };
		AFFCCB5B2A151E8C0096A116 /* UserView.swift in Sources */ = {isa = PBXBuildFile; fileRef = AFFCCB5A2A151E8C0096A116 /* UserView.swift */; };
		AFFCCB5F2A152C5C0096A116 /* SimpleFeed.swift in Sources */ = {isa = PBXBuildFile; fileRef = AFFCCB5C2A152B090096A116 /* SimpleFeed.swift */; };
		F573B76A2A01422D00ADB834 /* frontendApp.swift in Sources */ = {isa = PBXBuildFile; fileRef = F573B7692A01422D00ADB834 /* frontendApp.swift */; };
		F573B76C2A01422D00ADB834 /* (null) in Sources */ = {isa = PBXBuildFile; };
		F573B76E2A01423000ADB834 /* Assets.xcassets in Resources */ = {isa = PBXBuildFile; fileRef = F573B76D2A01423000ADB834 /* Assets.xcassets */; };
		F573B7712A01423000ADB834 /* Preview Assets.xcassets in Resources */ = {isa = PBXBuildFile; fileRef = F573B7702A01423000ADB834 /* Preview Assets.xcassets */; };
/* End PBXBuildFile section */

/* Begin PBXFileReference section */
		AC1C7A852A092D0D00B8709C /* ContentView.swift */ = {isa = PBXFileReference; fileEncoding = 4; lastKnownFileType = sourcecode.swift; path = ContentView.swift; sourceTree = "<group>"; };
		AC1C7A862A092D0D00B8709C /* NewHomeSlideView.swift */ = {isa = PBXFileReference; fileEncoding = 4; lastKnownFileType = sourcecode.swift; path = NewHomeSlideView.swift; sourceTree = "<group>"; };
		AC1C7A892A092F9700B8709C /* NewHomeHeaderView.swift */ = {isa = PBXFileReference; fileEncoding = 4; lastKnownFileType = sourcecode.swift; path = NewHomeHeaderView.swift; sourceTree = "<group>"; };
		AC1C7A8B2A09303200B8709C /* NewHomeSlide.swift */ = {isa = PBXFileReference; fileEncoding = 4; lastKnownFileType = sourcecode.swift; path = NewHomeSlide.swift; sourceTree = "<group>"; };
		AC1C7A952A0B8BC500B8709C /* MapKittenTabView.swift */ = {isa = PBXFileReference; lastKnownFileType = sourcecode.swift; path = MapKittenTabView.swift; sourceTree = "<group>"; };
		AC24BD982A1C5BAB00920EA2 /* GET.swift */ = {isa = PBXFileReference; lastKnownFileType = sourcecode.swift; path = GET.swift; sourceTree = "<group>"; };
		AC4FD0132A12687900314625 /* DiaryHeaderView.swift */ = {isa = PBXFileReference; lastKnownFileType = sourcecode.swift; path = DiaryHeaderView.swift; sourceTree = "<group>"; };
		AC4FD0152A126AFA00314625 /* DiarySlideView.swift */ = {isa = PBXFileReference; lastKnownFileType = sourcecode.swift; path = DiarySlideView.swift; sourceTree = "<group>"; };
		AC4FD0172A127D6200314625 /* DiarySlide.swift */ = {isa = PBXFileReference; lastKnownFileType = sourcecode.swift; path = DiarySlide.swift; sourceTree = "<group>"; };
		AC6142072A1CD16300D1E30F /* MapBoard.swift */ = {isa = PBXFileReference; lastKnownFileType = sourcecode.swift; path = MapBoard.swift; sourceTree = "<group>"; };
		AC9167D32A15A80600005377 /* CommentsPiece.swift */ = {isa = PBXFileReference; lastKnownFileType = sourcecode.swift; path = CommentsPiece.swift; sourceTree = "<group>"; };
		AC9167D72A15B28400005377 /* CommentView.swift */ = {isa = PBXFileReference; lastKnownFileType = sourcecode.swift; path = CommentView.swift; sourceTree = "<group>"; };
		AC94D9122A0F43CC00F5EA6E /* MapBottomView.swift */ = {isa = PBXFileReference; lastKnownFileType = sourcecode.swift; path = MapBottomView.swift; sourceTree = "<group>"; };
		AC9740CF2A13B14300E84A76 /* Home.swift */ = {isa = PBXFileReference; lastKnownFileType = sourcecode.swift; path = Home.swift; sourceTree = "<group>"; };
		AF1C54952A1E53F200676467 /* Diary.swift */ = {isa = PBXFileReference; lastKnownFileType = sourcecode.swift; path = Diary.swift; sourceTree = "<group>"; };
		AF1C549C2A1E66BB00676467 /* SendAPI.swift */ = {isa = PBXFileReference; lastKnownFileType = sourcecode.swift; path = SendAPI.swift; sourceTree = "<group>"; };
		AF44691A2A1A076A00DA51E8 /* Board.swift */ = {isa = PBXFileReference; lastKnownFileType = sourcecode.swift; path = Board.swift; sourceTree = "<group>"; };
		AF44691C2A1A0A2200DA51E8 /* Comment.swift */ = {isa = PBXFileReference; lastKnownFileType = sourcecode.swift; path = Comment.swift; sourceTree = "<group>"; };
		AF4A66AD2A0BABBA00BA8876 /* KeyboardHandler.swift */ = {isa = PBXFileReference; lastKnownFileType = sourcecode.swift; path = KeyboardHandler.swift; sourceTree = "<group>"; };
		AF4A66AF2A0BBF3200BA8876 /* HideKeyboard.swift */ = {isa = PBXFileReference; lastKnownFileType = sourcecode.swift; path = HideKeyboard.swift; sourceTree = "<group>"; };
		AF96E3502A1537AD00A61CCA /* SimpleFeedList.swift */ = {isa = PBXFileReference; lastKnownFileType = sourcecode.swift; path = SimpleFeedList.swift; sourceTree = "<group>"; };
		AF98A69F2A11295400EC8D39 /* DropdownMenuOption.swift */ = {isa = PBXFileReference; fileEncoding = 4; lastKnownFileType = sourcecode.swift; path = DropdownMenuOption.swift; sourceTree = "<group>"; };
		AF98A6A02A11295400EC8D39 /* DropdownMenuList.swift */ = {isa = PBXFileReference; fileEncoding = 4; lastKnownFileType = sourcecode.swift; path = DropdownMenuList.swift; sourceTree = "<group>"; };
		AF98A6A12A11295400EC8D39 /* DropdownMenuListRow.swift */ = {isa = PBXFileReference; fileEncoding = 4; lastKnownFileType = sourcecode.swift; path = DropdownMenuListRow.swift; sourceTree = "<group>"; };
		AF98A6A22A11295400EC8D39 /* DropdownMenu.swift */ = {isa = PBXFileReference; fileEncoding = 4; lastKnownFileType = sourcecode.swift; path = DropdownMenu.swift; sourceTree = "<group>"; };
		AFCF4F282A1E9263004657C0 /* HeartButton.swift */ = {isa = PBXFileReference; lastKnownFileType = sourcecode.swift; path = HeartButton.swift; sourceTree = "<group>"; };
		AFEE20402A09173D00412FD9 /* ImagePicker.swift */ = {isa = PBXFileReference; fileEncoding = 4; lastKnownFileType = sourcecode.swift; path = ImagePicker.swift; sourceTree = "<group>"; };
		AFEE20422A09179700412FD9 /* ToggleView.swift */ = {isa = PBXFileReference; fileEncoding = 4; lastKnownFileType = sourcecode.swift; path = ToggleView.swift; sourceTree = "<group>"; };
		AFEE20442A09179800412FD9 /* WriteView.swift */ = {isa = PBXFileReference; fileEncoding = 4; lastKnownFileType = sourcecode.swift; path = WriteView.swift; sourceTree = "<group>"; };
		AFF52CE42A014B3000934692 /* Empty3 */ = {isa = PBXFileReference; lastKnownFileType = text; path = Empty3; sourceTree = "<group>"; };
		AFFCCB5A2A151E8C0096A116 /* UserView.swift */ = {isa = PBXFileReference; lastKnownFileType = sourcecode.swift; path = UserView.swift; sourceTree = "<group>"; };
		AFFCCB5C2A152B090096A116 /* SimpleFeed.swift */ = {isa = PBXFileReference; lastKnownFileType = sourcecode.swift; path = SimpleFeed.swift; sourceTree = "<group>"; };
		F573B7662A01422D00ADB834 /* frontend.app */ = {isa = PBXFileReference; explicitFileType = wrapper.application; includeInIndex = 0; path = frontend.app; sourceTree = BUILT_PRODUCTS_DIR; };
		F573B7692A01422D00ADB834 /* frontendApp.swift */ = {isa = PBXFileReference; lastKnownFileType = sourcecode.swift; path = frontendApp.swift; sourceTree = "<group>"; };
		F573B76D2A01423000ADB834 /* Assets.xcassets */ = {isa = PBXFileReference; lastKnownFileType = folder.assetcatalog; path = Assets.xcassets; sourceTree = "<group>"; };
		F573B7702A01423000ADB834 /* Preview Assets.xcassets */ = {isa = PBXFileReference; lastKnownFileType = folder.assetcatalog; path = "Preview Assets.xcassets"; sourceTree = "<group>"; };
/* End PBXFileReference section */

/* Begin PBXFrameworksBuildPhase section */
		F573B7632A01422D00ADB834 /* Frameworks */ = {
			isa = PBXFrameworksBuildPhase;
			buildActionMask = 2147483647;
			files = (
			);
			runOnlyForDeploymentPostprocessing = 0;
		};
/* End PBXFrameworksBuildPhase section */

/* Begin PBXGroup section */
		AF1C548E2A1E518D00676467 /* Diary */ = {
			isa = PBXGroup;
			children = (
				AC4FD0152A126AFA00314625 /* DiarySlideView.swift */,
				AC4FD0132A12687900314625 /* DiaryHeaderView.swift */,
				AC4FD0172A127D6200314625 /* DiarySlide.swift */,
			);
			path = Diary;
			sourceTree = "<group>";
		};
		AF1C548F2A1E51C000676467 /* NewHome */ = {
			isa = PBXGroup;
			children = (
				AC1C7A862A092D0D00B8709C /* NewHomeSlideView.swift */,
				AC1C7A892A092F9700B8709C /* NewHomeHeaderView.swift */,
				AC1C7A8B2A09303200B8709C /* NewHomeSlide.swift */,
			);
			path = NewHome;
			sourceTree = "<group>";
		};
		AF1C54902A1E52A100676467 /* MapKitten */ = {
			isa = PBXGroup;
			children = (
				AC1C7A952A0B8BC500B8709C /* MapKittenTabView.swift */,
				AC94D9122A0F43CC00F5EA6E /* MapBottomView.swift */,
			);
			path = MapKitten;
			sourceTree = "<group>";
		};
		AF1C54912A1E52CA00676467 /* Write */ = {
			isa = PBXGroup;
			children = (
				AFEE20422A09179700412FD9 /* ToggleView.swift */,
				AFEE20442A09179800412FD9 /* WriteView.swift */,
			);
			path = Write;
			sourceTree = "<group>";
		};
		AF1C54922A1E530900676467 /* Comment */ = {
			isa = PBXGroup;
			children = (
				AC9167D32A15A80600005377 /* CommentsPiece.swift */,
				AC9167D72A15B28400005377 /* CommentView.swift */,
			);
			path = Comment;
			sourceTree = "<group>";
		};
		AF4A66AC2A0BAAE900BA8876 /* ViewControllers */ = {
			isa = PBXGroup;
			children = (
				AFEE20402A09173D00412FD9 /* ImagePicker.swift */,
				AF4A66AD2A0BABBA00BA8876 /* KeyboardHandler.swift */,
				AF4A66AF2A0BBF3200BA8876 /* HideKeyboard.swift */,
			);
			path = ViewControllers;
			sourceTree = "<group>";
		};
		AF98A69E2A11295400EC8D39 /* DropdownMenu */ = {
			isa = PBXGroup;
			children = (
				AF98A69F2A11295400EC8D39 /* DropdownMenuOption.swift */,
				AF98A6A02A11295400EC8D39 /* DropdownMenuList.swift */,
				AF98A6A12A11295400EC8D39 /* DropdownMenuListRow.swift */,
				AF98A6A22A11295400EC8D39 /* DropdownMenu.swift */,
			);
			path = DropdownMenu;
			sourceTree = "<group>";
		};
		AFF52CD82A0149A300934692 /* Ressource */ = {
			isa = PBXGroup;
			children = (
				AFF52CE32A014B1F00934692 /* ImageSource */,
				F573B76D2A01423000ADB834 /* Assets.xcassets */,
			);
			path = Ressource;
			sourceTree = "<group>";
		};
		AFF52CD92A0149B000934692 /* Appilcation */ = {
			isa = PBXGroup;
			children = (
				F573B7692A01422D00ADB834 /* frontendApp.swift */,
			);
			path = Appilcation;
			sourceTree = "<group>";
		};
		AFF52CDA2A0149BD00934692 /* Views */ = {
			isa = PBXGroup;
			children = (
				AF1C54922A1E530900676467 /* Comment */,
				AF1C54912A1E52CA00676467 /* Write */,
				AF1C54902A1E52A100676467 /* MapKitten */,
				AF1C548F2A1E51C000676467 /* NewHome */,
				AF1C548E2A1E518D00676467 /* Diary */,
				AFFCCB592A151E550096A116 /* MyPageUI */,
				AF4A66AC2A0BAAE900BA8876 /* ViewControllers */,
				AC9740CF2A13B14300E84A76 /* Home.swift */,
				AC1C7A852A092D0D00B8709C /* ContentView.swift */,
				AFCF4F282A1E9263004657C0 /* HeartButton.swift */,
			);
			path = Views;
			sourceTree = "<group>";
		};
		AFF52CDB2A0149C400934692 /* Models */ = {
			isa = PBXGroup;
			children = (
				AF44691A2A1A076A00DA51E8 /* Board.swift */,
				AF44691C2A1A0A2200DA51E8 /* Comment.swift */,
				AC6142072A1CD16300D1E30F /* MapBoard.swift */,
				AF1C54952A1E53F200676467 /* Diary.swift */,
			);
			path = Models;
			sourceTree = "<group>";
		};
		AFF52CDC2A0149D000934692 /* ViewModels */ = {
			isa = PBXGroup;
			children = (
				AC24BD982A1C5BAB00920EA2 /* GET.swift */,
				AF1C549C2A1E66BB00676467 /* SendAPI.swift */,
			);
			path = ViewModels;
			sourceTree = "<group>";
		};
		AFF52CE32A014B1F00934692 /* ImageSource */ = {
			isa = PBXGroup;
			children = (
				AFF52CE42A014B3000934692 /* Empty3 */,
			);
			path = ImageSource;
			sourceTree = "<group>";
		};
		AFFCCB592A151E550096A116 /* MyPageUI */ = {
			isa = PBXGroup;
			children = (
				AFFCCB5C2A152B090096A116 /* SimpleFeed.swift */,
				AF96E3502A1537AD00A61CCA /* SimpleFeedList.swift */,
				AFFCCB5A2A151E8C0096A116 /* UserView.swift */,
				AF98A69E2A11295400EC8D39 /* DropdownMenu */,
			);
			path = MyPageUI;
			sourceTree = "<group>";
		};
		F573B75D2A01422C00ADB834 = {
			isa = PBXGroup;
			children = (
				F573B7682A01422D00ADB834 /* frontend */,
				F573B7672A01422D00ADB834 /* Products */,
			);
			sourceTree = "<group>";
		};
		F573B7672A01422D00ADB834 /* Products */ = {
			isa = PBXGroup;
			children = (
				F573B7662A01422D00ADB834 /* frontend.app */,
			);
			name = Products;
			sourceTree = "<group>";
		};
		F573B7682A01422D00ADB834 /* frontend */ = {
			isa = PBXGroup;
			children = (
				AFF52CDC2A0149D000934692 /* ViewModels */,
				AFF52CDB2A0149C400934692 /* Models */,
				AFF52CDA2A0149BD00934692 /* Views */,
				AFF52CD92A0149B000934692 /* Appilcation */,
				AFF52CD82A0149A300934692 /* Ressource */,
				F573B76F2A01423000ADB834 /* Preview Content */,
			);
			path = frontend;
			sourceTree = "<group>";
		};
		F573B76F2A01423000ADB834 /* Preview Content */ = {
			isa = PBXGroup;
			children = (
				F573B7702A01423000ADB834 /* Preview Assets.xcassets */,
			);
			path = "Preview Content";
			sourceTree = "<group>";
		};
/* End PBXGroup section */

/* Begin PBXNativeTarget section */
		F573B7652A01422D00ADB834 /* frontend */ = {
			isa = PBXNativeTarget;
			buildConfigurationList = F573B7742A01423000ADB834 /* Build configuration list for PBXNativeTarget "frontend" */;
			buildPhases = (
				F573B7622A01422D00ADB834 /* Sources */,
				F573B7632A01422D00ADB834 /* Frameworks */,
				F573B7642A01422D00ADB834 /* Resources */,
			);
			buildRules = (
			);
			dependencies = (
			);
			name = frontend;
			productName = frontend;
			productReference = F573B7662A01422D00ADB834 /* frontend.app */;
			productType = "com.apple.product-type.application";
		};
/* End PBXNativeTarget section */

/* Begin PBXProject section */
		F573B75E2A01422C00ADB834 /* Project object */ = {
			isa = PBXProject;
			attributes = {
				BuildIndependentTargetsInParallel = 1;
				LastSwiftUpdateCheck = 1430;
				LastUpgradeCheck = 1430;
				TargetAttributes = {
					F573B7652A01422D00ADB834 = {
						CreatedOnToolsVersion = 14.3;
					};
				};
			};
			buildConfigurationList = F573B7612A01422C00ADB834 /* Build configuration list for PBXProject "frontend" */;
			compatibilityVersion = "Xcode 14.0";
			developmentRegion = en;
			hasScannedForEncodings = 0;
			knownRegions = (
				en,
				Base,
			);
			mainGroup = F573B75D2A01422C00ADB834;
			productRefGroup = F573B7672A01422D00ADB834 /* Products */;
			projectDirPath = "";
			projectRoot = "";
			targets = (
				F573B7652A01422D00ADB834 /* frontend */,
			);
		};
/* End PBXProject section */

/* Begin PBXResourcesBuildPhase section */
		F573B7642A01422D00ADB834 /* Resources */ = {
			isa = PBXResourcesBuildPhase;
			buildActionMask = 2147483647;
			files = (
				AC4FD0122A125DBC00314625 /* Assets.xcassets in Resources */,
				F573B7712A01423000ADB834 /* Preview Assets.xcassets in Resources */,
				F573B76E2A01423000ADB834 /* Assets.xcassets in Resources */,
			);
			runOnlyForDeploymentPostprocessing = 0;
		};
/* End PBXResourcesBuildPhase section */

/* Begin PBXSourcesBuildPhase section */
		F573B7622A01422D00ADB834 /* Sources */ = {
			isa = PBXSourcesBuildPhase;
			buildActionMask = 2147483647;
			files = (
				AFFCCB5F2A152C5C0096A116 /* SimpleFeed.swift in Sources */,
				AFFCCB5B2A151E8C0096A116 /* UserView.swift in Sources */,
				AC4FD00C2A1257BC00314625 /* MapKittenTabView.swift in Sources */,
				AC94D9132A0F43CC00F5EA6E /* MapBottomView.swift in Sources */,
				F573B76C2A01422D00ADB834 /* (null) in Sources */,
				AF4A66B02A0BBF3200BA8876 /* HideKeyboard.swift in Sources */,
				AC4FD0162A126AFA00314625 /* DiarySlideView.swift in Sources */,
				AC4FD0142A12687900314625 /* DiaryHeaderView.swift in Sources */,
				AF4A66AE2A0BABBA00BA8876 /* KeyboardHandler.swift in Sources */,
				AF96E3512A1537AE00A61CCA /* SimpleFeedList.swift in Sources */,
				AF98A6A42A11295400EC8D39 /* DropdownMenuList.swift in Sources */,
				AFEE20452A09179800412FD9 /* ToggleView.swift in Sources */,
				AF98A6A52A11295400EC8D39 /* DropdownMenuListRow.swift in Sources */,
				AC9167D82A15B28400005377 /* CommentView.swift in Sources */,
				AF1C549D2A1E66BB00676467 /* SendAPI.swift in Sources */,
				AFEE20412A09173D00412FD9 /* ImagePicker.swift in Sources */,
				AC6142082A1CD16300D1E30F /* MapBoard.swift in Sources */,
				AFCF4F292A1E9263004657C0 /* HeartButton.swift in Sources */,
				AFEE20472A09179800412FD9 /* WriteView.swift in Sources */,
				AF98A6A32A11295400EC8D39 /* DropdownMenuOption.swift in Sources */,
				AC24BD992A1C5BAB00920EA2 /* GET.swift in Sources */,
				AC9740D02A13B14300E84A76 /* Home.swift in Sources */,
				AF44691B2A1A076A00DA51E8 /* Board.swift in Sources */,
				AC1C7A872A092D0D00B8709C /* ContentView.swift in Sources */,
				AC1C7A8A2A092F9700B8709C /* NewHomeHeaderView.swift in Sources */,
				AC9167D42A15A80600005377 /* CommentsPiece.swift in Sources */,
				AF98A6A62A11295400EC8D39 /* DropdownMenu.swift in Sources */,
				AF1C54962A1E53F200676467 /* Diary.swift in Sources */,
				AC1C7A8C2A09303200B8709C /* NewHomeSlide.swift in Sources */,
				AC4FD0182A127D6200314625 /* DiarySlide.swift in Sources */,
				AF44691D2A1A0A2200DA51E8 /* Comment.swift in Sources */,
				AC1C7A882A092D0D00B8709C /* NewHomeSlideView.swift in Sources */,
				F573B76A2A01422D00ADB834 /* frontendApp.swift in Sources */,
			);
			runOnlyForDeploymentPostprocessing = 0;
		};
/* End PBXSourcesBuildPhase section */

/* Begin XCBuildConfiguration section */
		F573B7722A01423000ADB834 /* Debug */ = {
			isa = XCBuildConfiguration;
			buildSettings = {
				ALWAYS_SEARCH_USER_PATHS = NO;
				CLANG_ANALYZER_NONNULL = YES;
				CLANG_ANALYZER_NUMBER_OBJECT_CONVERSION = YES_AGGRESSIVE;
				CLANG_CXX_LANGUAGE_STANDARD = "gnu++20";
				CLANG_ENABLE_MODULES = YES;
				CLANG_ENABLE_OBJC_ARC = YES;
				CLANG_ENABLE_OBJC_WEAK = YES;
				CLANG_WARN_BLOCK_CAPTURE_AUTORELEASING = YES;
				CLANG_WARN_BOOL_CONVERSION = YES;
				CLANG_WARN_COMMA = YES;
				CLANG_WARN_CONSTANT_CONVERSION = YES;
				CLANG_WARN_DEPRECATED_OBJC_IMPLEMENTATIONS = YES;
				CLANG_WARN_DIRECT_OBJC_ISA_USAGE = YES_ERROR;
				CLANG_WARN_DOCUMENTATION_COMMENTS = YES;
				CLANG_WARN_EMPTY_BODY = YES;
				CLANG_WARN_ENUM_CONVERSION = YES;
				CLANG_WARN_INFINITE_RECURSION = YES;
				CLANG_WARN_INT_CONVERSION = YES;
				CLANG_WARN_NON_LITERAL_NULL_CONVERSION = YES;
				CLANG_WARN_OBJC_IMPLICIT_RETAIN_SELF = YES;
				CLANG_WARN_OBJC_LITERAL_CONVERSION = YES;
				CLANG_WARN_OBJC_ROOT_CLASS = YES_ERROR;
				CLANG_WARN_QUOTED_INCLUDE_IN_FRAMEWORK_HEADER = YES;
				CLANG_WARN_RANGE_LOOP_ANALYSIS = YES;
				CLANG_WARN_STRICT_PROTOTYPES = YES;
				CLANG_WARN_SUSPICIOUS_MOVE = YES;
				CLANG_WARN_UNGUARDED_AVAILABILITY = YES_AGGRESSIVE;
				CLANG_WARN_UNREACHABLE_CODE = YES;
				CLANG_WARN__DUPLICATE_METHOD_MATCH = YES;
				COPY_PHASE_STRIP = NO;
				DEBUG_INFORMATION_FORMAT = dwarf;
				ENABLE_STRICT_OBJC_MSGSEND = YES;
				ENABLE_TESTABILITY = YES;
				GCC_C_LANGUAGE_STANDARD = gnu11;
				GCC_DYNAMIC_NO_PIC = NO;
				GCC_NO_COMMON_BLOCKS = YES;
				GCC_OPTIMIZATION_LEVEL = 0;
				GCC_PREPROCESSOR_DEFINITIONS = (
					"DEBUG=1",
					"$(inherited)",
				);
				GCC_WARN_64_TO_32_BIT_CONVERSION = YES;
				GCC_WARN_ABOUT_RETURN_TYPE = YES_ERROR;
				GCC_WARN_UNDECLARED_SELECTOR = YES;
				GCC_WARN_UNINITIALIZED_AUTOS = YES_AGGRESSIVE;
				GCC_WARN_UNUSED_FUNCTION = YES;
				GCC_WARN_UNUSED_VARIABLE = YES;
				IPHONEOS_DEPLOYMENT_TARGET = 16.2;
				MTL_ENABLE_DEBUG_INFO = INCLUDE_SOURCE;
				MTL_FAST_MATH = YES;
				ONLY_ACTIVE_ARCH = YES;
				SDKROOT = iphoneos;
				SWIFT_ACTIVE_COMPILATION_CONDITIONS = DEBUG;
				SWIFT_OPTIMIZATION_LEVEL = "-Onone";
			};
			name = Debug;
		};
		F573B7732A01423000ADB834 /* Release */ = {
			isa = XCBuildConfiguration;
			buildSettings = {
				ALWAYS_SEARCH_USER_PATHS = NO;
				CLANG_ANALYZER_NONNULL = YES;
				CLANG_ANALYZER_NUMBER_OBJECT_CONVERSION = YES_AGGRESSIVE;
				CLANG_CXX_LANGUAGE_STANDARD = "gnu++20";
				CLANG_ENABLE_MODULES = YES;
				CLANG_ENABLE_OBJC_ARC = YES;
				CLANG_ENABLE_OBJC_WEAK = YES;
				CLANG_WARN_BLOCK_CAPTURE_AUTORELEASING = YES;
				CLANG_WARN_BOOL_CONVERSION = YES;
				CLANG_WARN_COMMA = YES;
				CLANG_WARN_CONSTANT_CONVERSION = YES;
				CLANG_WARN_DEPRECATED_OBJC_IMPLEMENTATIONS = YES;
				CLANG_WARN_DIRECT_OBJC_ISA_USAGE = YES_ERROR;
				CLANG_WARN_DOCUMENTATION_COMMENTS = YES;
				CLANG_WARN_EMPTY_BODY = YES;
				CLANG_WARN_ENUM_CONVERSION = YES;
				CLANG_WARN_INFINITE_RECURSION = YES;
				CLANG_WARN_INT_CONVERSION = YES;
				CLANG_WARN_NON_LITERAL_NULL_CONVERSION = YES;
				CLANG_WARN_OBJC_IMPLICIT_RETAIN_SELF = YES;
				CLANG_WARN_OBJC_LITERAL_CONVERSION = YES;
				CLANG_WARN_OBJC_ROOT_CLASS = YES_ERROR;
				CLANG_WARN_QUOTED_INCLUDE_IN_FRAMEWORK_HEADER = YES;
				CLANG_WARN_RANGE_LOOP_ANALYSIS = YES;
				CLANG_WARN_STRICT_PROTOTYPES = YES;
				CLANG_WARN_SUSPICIOUS_MOVE = YES;
				CLANG_WARN_UNGUARDED_AVAILABILITY = YES_AGGRESSIVE;
				CLANG_WARN_UNREACHABLE_CODE = YES;
				CLANG_WARN__DUPLICATE_METHOD_MATCH = YES;
				COPY_PHASE_STRIP = NO;
				DEBUG_INFORMATION_FORMAT = "dwarf-with-dsym";
				ENABLE_NS_ASSERTIONS = NO;
				ENABLE_STRICT_OBJC_MSGSEND = YES;
				GCC_C_LANGUAGE_STANDARD = gnu11;
				GCC_NO_COMMON_BLOCKS = YES;
				GCC_WARN_64_TO_32_BIT_CONVERSION = YES;
				GCC_WARN_ABOUT_RETURN_TYPE = YES_ERROR;
				GCC_WARN_UNDECLARED_SELECTOR = YES;
				GCC_WARN_UNINITIALIZED_AUTOS = YES_AGGRESSIVE;
				GCC_WARN_UNUSED_FUNCTION = YES;
				GCC_WARN_UNUSED_VARIABLE = YES;
				IPHONEOS_DEPLOYMENT_TARGET = 16.2;
				MTL_ENABLE_DEBUG_INFO = NO;
				MTL_FAST_MATH = YES;
				SDKROOT = iphoneos;
				SWIFT_COMPILATION_MODE = wholemodule;
				SWIFT_OPTIMIZATION_LEVEL = "-O";
				VALIDATE_PRODUCT = YES;
			};
			name = Release;
		};
		F573B7752A01423000ADB834 /* Debug */ = {
			isa = XCBuildConfiguration;
			buildSettings = {
				ASSETCATALOG_COMPILER_APPICON_NAME = AppIcon;
				ASSETCATALOG_COMPILER_GLOBAL_ACCENT_COLOR_NAME = AccentColor;
				CODE_SIGN_STYLE = Automatic;
				CURRENT_PROJECT_VERSION = 1;
				DEVELOPMENT_ASSET_PATHS = "\"frontend/Preview Content\"";
				DEVELOPMENT_TEAM = 5L7QZ42BFG;
				ENABLE_PREVIEWS = YES;
				GENERATE_INFOPLIST_FILE = YES;
				INFOPLIST_KEY_UIApplicationSceneManifest_Generation = YES;
				INFOPLIST_KEY_UIApplicationSupportsIndirectInputEvents = YES;
				INFOPLIST_KEY_UILaunchScreen_Generation = YES;
				INFOPLIST_KEY_UISupportedInterfaceOrientations_iPad = "UIInterfaceOrientationPortrait UIInterfaceOrientationPortraitUpsideDown UIInterfaceOrientationLandscapeLeft UIInterfaceOrientationLandscapeRight";
				INFOPLIST_KEY_UISupportedInterfaceOrientations_iPhone = "UIInterfaceOrientationPortrait UIInterfaceOrientationLandscapeLeft UIInterfaceOrientationLandscapeRight";
				IPHONEOS_DEPLOYMENT_TARGET = 16.2;
				LD_RUNPATH_SEARCH_PATHS = (
					"$(inherited)",
					"@executable_path/Frameworks",
				);
				MARKETING_VERSION = 1.0;
				PRODUCT_BUNDLE_IDENTIFIER = mobileAppProject.frontend;
				PRODUCT_NAME = "$(TARGET_NAME)";
				SWIFT_EMIT_LOC_STRINGS = YES;
				SWIFT_VERSION = 5.0;
				TARGETED_DEVICE_FAMILY = "1,2";
			};
			name = Debug;
		};
		F573B7762A01423000ADB834 /* Release */ = {
			isa = XCBuildConfiguration;
			buildSettings = {
				ASSETCATALOG_COMPILER_APPICON_NAME = AppIcon;
				ASSETCATALOG_COMPILER_GLOBAL_ACCENT_COLOR_NAME = AccentColor;
				CODE_SIGN_STYLE = Automatic;
				CURRENT_PROJECT_VERSION = 1;
				DEVELOPMENT_ASSET_PATHS = "\"frontend/Preview Content\"";
				DEVELOPMENT_TEAM = 5L7QZ42BFG;
				ENABLE_PREVIEWS = YES;
				GENERATE_INFOPLIST_FILE = YES;
				INFOPLIST_KEY_UIApplicationSceneManifest_Generation = YES;
				INFOPLIST_KEY_UIApplicationSupportsIndirectInputEvents = YES;
				INFOPLIST_KEY_UILaunchScreen_Generation = YES;
				INFOPLIST_KEY_UISupportedInterfaceOrientations_iPad = "UIInterfaceOrientationPortrait UIInterfaceOrientationPortraitUpsideDown UIInterfaceOrientationLandscapeLeft UIInterfaceOrientationLandscapeRight";
				INFOPLIST_KEY_UISupportedInterfaceOrientations_iPhone = "UIInterfaceOrientationPortrait UIInterfaceOrientationLandscapeLeft UIInterfaceOrientationLandscapeRight";
				IPHONEOS_DEPLOYMENT_TARGET = 16.2;
				LD_RUNPATH_SEARCH_PATHS = (
					"$(inherited)",
					"@executable_path/Frameworks",
				);
				MARKETING_VERSION = 1.0;
				PRODUCT_BUNDLE_IDENTIFIER = mobileAppProject.frontend;
				PRODUCT_NAME = "$(TARGET_NAME)";
				SWIFT_EMIT_LOC_STRINGS = YES;
				SWIFT_VERSION = 5.0;
				TARGETED_DEVICE_FAMILY = "1,2";
			};
			name = Release;
		};
/* End XCBuildConfiguration section */

/* Begin XCConfigurationList section */
		F573B7612A01422C00ADB834 /* Build configuration list for PBXProject "frontend" */ = {
			isa = XCConfigurationList;
			buildConfigurations = (
				F573B7722A01423000ADB834 /* Debug */,
				F573B7732A01423000ADB834 /* Release */,
			);
			defaultConfigurationIsVisible = 0;
			defaultConfigurationName = Release;
		};
		F573B7742A01423000ADB834 /* Build configuration list for PBXNativeTarget "frontend" */ = {
			isa = XCConfigurationList;
			buildConfigurations = (
				F573B7752A01423000ADB834 /* Debug */,
				F573B7762A01423000ADB834 /* Release */,
			);
			defaultConfigurationIsVisible = 0;
			defaultConfigurationName = Release;
		};
/* End XCConfigurationList section */
	};
	rootObject = F573B75E2A01422C00ADB834 /* Project object */;
}
