// !$*UTF8*$!
{
	archiveVersion = 1;
	classes = {
	};
	objectVersion = 56;
	objects = {

/* Begin PBXBuildFile section */
		AFEE20412A09173D00412FD9 /* ImagePicker.swift in Sources */ = {isa = PBXBuildFile; fileRef = AFEE20402A09173D00412FD9 /* ImagePicker.swift */; };
		AFEE20452A09179800412FD9 /* ToggleView.swift in Sources */ = {isa = PBXBuildFile; fileRef = AFEE20422A09179700412FD9 /* ToggleView.swift */; };
		AFEE20462A09179800412FD9 /* Home.swift in Sources */ = {isa = PBXBuildFile; fileRef = AFEE20432A09179800412FD9 /* Home.swift */; };
		AFEE20472A09179800412FD9 /* WriteView.swift in Sources */ = {isa = PBXBuildFile; fileRef = AFEE20442A09179800412FD9 /* WriteView.swift */; };
		AFF52CDF2A014A9000934692 /* Empty2 in Resources */ = {isa = PBXBuildFile; fileRef = AFF52CDE2A014A9000934692 /* Empty2 */; };
		AFF52CE22A014ABB00934692 /* Empty1 in Resources */ = {isa = PBXBuildFile; fileRef = AFF52CE12A014ABB00934692 /* Empty1 */; };
		AFF52CE52A014B3000934692 /* Empty in Resources */ = {isa = PBXBuildFile; fileRef = AFF52CE42A014B3000934692 /* Empty */; };
		F573B76A2A01422D00ADB834 /* frontendApp.swift in Sources */ = {isa = PBXBuildFile; fileRef = F573B7692A01422D00ADB834 /* frontendApp.swift */; };
		F573B76C2A01422D00ADB834 /* ContentView.swift in Sources */ = {isa = PBXBuildFile; fileRef = F573B76B2A01422D00ADB834 /* ContentView.swift */; };
		F573B76E2A01423000ADB834 /* Assets.xcassets in Resources */ = {isa = PBXBuildFile; fileRef = F573B76D2A01423000ADB834 /* Assets.xcassets */; };
		F573B7712A01423000ADB834 /* Preview Assets.xcassets in Resources */ = {isa = PBXBuildFile; fileRef = F573B7702A01423000ADB834 /* Preview Assets.xcassets */; };
/* End PBXBuildFile section */

/* Begin PBXFileReference section */
		AFEE20402A09173D00412FD9 /* ImagePicker.swift */ = {isa = PBXFileReference; fileEncoding = 4; lastKnownFileType = sourcecode.swift; path = ImagePicker.swift; sourceTree = "<group>"; };
		AFEE20422A09179700412FD9 /* ToggleView.swift */ = {isa = PBXFileReference; fileEncoding = 4; lastKnownFileType = sourcecode.swift; path = ToggleView.swift; sourceTree = "<group>"; };
		AFEE20432A09179800412FD9 /* Home.swift */ = {isa = PBXFileReference; fileEncoding = 4; lastKnownFileType = sourcecode.swift; path = Home.swift; sourceTree = "<group>"; };
		AFEE20442A09179800412FD9 /* WriteView.swift */ = {isa = PBXFileReference; fileEncoding = 4; lastKnownFileType = sourcecode.swift; path = WriteView.swift; sourceTree = "<group>"; };
		AFF52CDE2A014A9000934692 /* Empty2 */ = {isa = PBXFileReference; lastKnownFileType = text; path = Empty2; sourceTree = "<group>"; };
		AFF52CE12A014ABB00934692 /* Empty1 */ = {isa = PBXFileReference; lastKnownFileType = text; path = Empty1; sourceTree = "<group>"; };
		AFF52CE42A014B3000934692 /* Empty */ = {isa = PBXFileReference; lastKnownFileType = text; path = Empty; sourceTree = "<group>"; };
		F573B7662A01422D00ADB834 /* frontend.app */ = {isa = PBXFileReference; explicitFileType = wrapper.application; includeInIndex = 0; path = frontend.app; sourceTree = BUILT_PRODUCTS_DIR; };
		F573B7692A01422D00ADB834 /* frontendApp.swift */ = {isa = PBXFileReference; lastKnownFileType = sourcecode.swift; path = frontendApp.swift; sourceTree = "<group>"; };
		F573B76B2A01422D00ADB834 /* ContentView.swift */ = {isa = PBXFileReference; lastKnownFileType = sourcecode.swift; path = ContentView.swift; sourceTree = "<group>"; };
		F573B76D2A01423000ADB834 /* Assets.xcassets */ = {isa = PBXFileReference; lastKnownFileType = folder.assetcatalog; path = Assets.xcassets; sourceTree = "<group>"; };
		F573B7702A01423000ADB834 /* Preview Assets.xcassets */ = {isa = PBXFileReference; lastKnownFileType = folder.assetcatalog; path = "Preview Assets.xcassets"; sourceTree = "<group>"; };
/* End PBXFileReference section */

/* Begin PBXFrameworksBuildPhase section */
		F573B7632A01422D00ADB834 /* Frameworks */ = {
			isa = PBXFrameworksBuildPhase;
			buildActionMask = 2147483647;
			files = (
			);
			runOnlyForDeploymentPostprocessing = 0;
		};
/* End PBXFrameworksBuildPhase section */

/* Begin PBXGroup section */
		AF4A66AC2A0BAAE900BA8876 /* ViewControllers */ = {
			isa = PBXGroup;
			children = (
				AFEE20402A09173D00412FD9 /* ImagePicker.swift */,
			);
			path = ViewControllers;
			sourceTree = "<group>";
		};
		AFF52CD82A0149A300934692 /* Ressource */ = {
			isa = PBXGroup;
			children = (
				AFF52CE32A014B1F00934692 /* ImageSource */,
				F573B76D2A01423000ADB834 /* Assets.xcassets */,
			);
			path = Ressource;
			sourceTree = "<group>";
		};
		AFF52CD92A0149B000934692 /* Appilcation */ = {
			isa = PBXGroup;
			children = (
				F573B7692A01422D00ADB834 /* frontendApp.swift */,
			);
			path = Appilcation;
			sourceTree = "<group>";
		};
		AFF52CDA2A0149BD00934692 /* Views */ = {
			isa = PBXGroup;
			children = (
				AF4A66AC2A0BAAE900BA8876 /* ViewControllers */,
				F573B76B2A01422D00ADB834 /* ContentView.swift */,
				AFEE20432A09179800412FD9 /* Home.swift */,
				AFEE20422A09179700412FD9 /* ToggleView.swift */,
				AFEE20442A09179800412FD9 /* WriteView.swift */,
			);
			path = Views;
			sourceTree = "<group>";
		};
		AFF52CDB2A0149C400934692 /* Models */ = {
			isa = PBXGroup;
			children = (
				AFF52CDE2A014A9000934692 /* Empty2 */,
			);
			path = Models;
			sourceTree = "<group>";
		};
		AFF52CDC2A0149D000934692 /* ViewModels */ = {
			isa = PBXGroup;
			children = (
				AFF52CE12A014ABB00934692 /* Empty1 */,
			);
			path = ViewModels;
			sourceTree = "<group>";
		};
		AFF52CE32A014B1F00934692 /* ImageSource */ = {
			isa = PBXGroup;
			children = (
				AFF52CE42A014B3000934692 /* Empty */,
			);
			path = ImageSource;
			sourceTree = "<group>";
		};
		F573B75D2A01422C00ADB834 = {
			isa = PBXGroup;
			children = (
				F573B7682A01422D00ADB834 /* frontend */,
				F573B7672A01422D00ADB834 /* Products */,
			);
			sourceTree = "<group>";
		};
		F573B7672A01422D00ADB834 /* Products */ = {
			isa = PBXGroup;
			children = (
				F573B7662A01422D00ADB834 /* frontend.app */,
			);
			name = Products;
			sourceTree = "<group>";
		};
		F573B7682A01422D00ADB834 /* frontend */ = {
			isa = PBXGroup;
			children = (
				AFF52CDC2A0149D000934692 /* ViewModels */,
				AFF52CDB2A0149C400934692 /* Models */,
				AFF52CDA2A0149BD00934692 /* Views */,
				AFF52CD92A0149B000934692 /* Appilcation */,
				AFF52CD82A0149A300934692 /* Ressource */,
				F573B76F2A01423000ADB834 /* Preview Content */,
			);
			path = frontend;
			sourceTree = "<group>";
		};
		F573B76F2A01423000ADB834 /* Preview Content */ = {
			isa = PBXGroup;
			children = (
				F573B7702A01423000ADB834 /* Preview Assets.xcassets */,
			);
			path = "Preview Content";
			sourceTree = "<group>";
		};
/* End PBXGroup section */

/* Begin PBXNativeTarget section */
		F573B7652A01422D00ADB834 /* frontend */ = {
			isa = PBXNativeTarget;
			buildConfigurationList = F573B7742A01423000ADB834 /* Build configuration list for PBXNativeTarget "frontend" */;
			buildPhases = (
				F573B7622A01422D00ADB834 /* Sources */,
				F573B7632A01422D00ADB834 /* Frameworks */,
				F573B7642A01422D00ADB834 /* Resources */,
			);
			buildRules = (
			);
			dependencies = (
			);
			name = frontend;
			productName = frontend;
			productReference = F573B7662A01422D00ADB834 /* frontend.app */;
			productType = "com.apple.product-type.application";
		};
/* End PBXNativeTarget section */

/* Begin PBXProject section */
		F573B75E2A01422C00ADB834 /* Project object */ = {
			isa = PBXProject;
			attributes = {
				BuildIndependentTargetsInParallel = 1;
				LastSwiftUpdateCheck = 1430;
				LastUpgradeCheck = 1430;
				TargetAttributes = {
					F573B7652A01422D00ADB834 = {
						CreatedOnToolsVersion = 14.3;
					};
				};
			};
			buildConfigurationList = F573B7612A01422C00ADB834 /* Build configuration list for PBXProject "frontend" */;
			compatibilityVersion = "Xcode 14.0";
			developmentRegion = en;
			hasScannedForEncodings = 0;
			knownRegions = (
				en,
				Base,
			);
			mainGroup = F573B75D2A01422C00ADB834;
			productRefGroup = F573B7672A01422D00ADB834 /* Products */;
			projectDirPath = "";
			projectRoot = "";
			targets = (
				F573B7652A01422D00ADB834 /* frontend */,
			);
		};
/* End PBXProject section */

/* Begin PBXResourcesBuildPhase section */
		F573B7642A01422D00ADB834 /* Resources */ = {
			isa = PBXResourcesBuildPhase;
			buildActionMask = 2147483647;
			files = (
				AFF52CE22A014ABB00934692 /* Empty1 in Resources */,
				AFF52CE52A014B3000934692 /* Empty in Resources */,
				AFF52CDF2A014A9000934692 /* Empty2 in Resources */,
				F573B7712A01423000ADB834 /* Preview Assets.xcassets in Resources */,
				F573B76E2A01423000ADB834 /* Assets.xcassets in Resources */,
			);
			runOnlyForDeploymentPostprocessing = 0;
		};
/* End PBXResourcesBuildPhase section */

/* Begin PBXSourcesBuildPhase section */
		F573B7622A01422D00ADB834 /* Sources */ = {
			isa = PBXSourcesBuildPhase;
			buildActionMask = 2147483647;
			files = (
				AFEE20452A09179800412FD9 /* ToggleView.swift in Sources */,
				AFEE20412A09173D00412FD9 /* ImagePicker.swift in Sources */,
				AFEE20472A09179800412FD9 /* WriteView.swift in Sources */,
				AFEE20462A09179800412FD9 /* Home.swift in Sources */,
				F573B76C2A01422D00ADB834 /* ContentView.swift in Sources */,
				F573B76A2A01422D00ADB834 /* frontendApp.swift in Sources */,
			);
			runOnlyForDeploymentPostprocessing = 0;
		};
/* End PBXSourcesBuildPhase section */

/* Begin XCBuildConfiguration section */
		F573B7722A01423000ADB834 /* Debug */ = {
			isa = XCBuildConfiguration;
			buildSettings = {
				ALWAYS_SEARCH_USER_PATHS = NO;
				CLANG_ANALYZER_NONNULL = YES;
				CLANG_ANALYZER_NUMBER_OBJECT_CONVERSION = YES_AGGRESSIVE;
				CLANG_CXX_LANGUAGE_STANDARD = "gnu++20";
				CLANG_ENABLE_MODULES = YES;
				CLANG_ENABLE_OBJC_ARC = YES;
				CLANG_ENABLE_OBJC_WEAK = YES;
				CLANG_WARN_BLOCK_CAPTURE_AUTORELEASING = YES;
				CLANG_WARN_BOOL_CONVERSION = YES;
				CLANG_WARN_COMMA = YES;
				CLANG_WARN_CONSTANT_CONVERSION = YES;
				CLANG_WARN_DEPRECATED_OBJC_IMPLEMENTATIONS = YES;
				CLANG_WARN_DIRECT_OBJC_ISA_USAGE = YES_ERROR;
				CLANG_WARN_DOCUMENTATION_COMMENTS = YES;
				CLANG_WARN_EMPTY_BODY = YES;
				CLANG_WARN_ENUM_CONVERSION = YES;
				CLANG_WARN_INFINITE_RECURSION = YES;
				CLANG_WARN_INT_CONVERSION = YES;
				CLANG_WARN_NON_LITERAL_NULL_CONVERSION = YES;
				CLANG_WARN_OBJC_IMPLICIT_RETAIN_SELF = YES;
				CLANG_WARN_OBJC_LITERAL_CONVERSION = YES;
				CLANG_WARN_OBJC_ROOT_CLASS = YES_ERROR;
				CLANG_WARN_QUOTED_INCLUDE_IN_FRAMEWORK_HEADER = YES;
				CLANG_WARN_RANGE_LOOP_ANALYSIS = YES;
				CLANG_WARN_STRICT_PROTOTYPES = YES;
				CLANG_WARN_SUSPICIOUS_MOVE = YES;
				CLANG_WARN_UNGUARDED_AVAILABILITY = YES_AGGRESSIVE;
				CLANG_WARN_UNREACHABLE_CODE = YES;
				CLANG_WARN__DUPLICATE_METHOD_MATCH = YES;
				COPY_PHASE_STRIP = NO;
				DEBUG_INFORMATION_FORMAT = dwarf;
				ENABLE_STRICT_OBJC_MSGSEND = YES;
				ENABLE_TESTABILITY = YES;
				GCC_C_LANGUAGE_STANDARD = gnu11;
				GCC_DYNAMIC_NO_PIC = NO;
				GCC_NO_COMMON_BLOCKS = YES;
				GCC_OPTIMIZATION_LEVEL = 0;
				GCC_PREPROCESSOR_DEFINITIONS = (
					"DEBUG=1",
					"$(inherited)",
				);
				GCC_WARN_64_TO_32_BIT_CONVERSION = YES;
				GCC_WARN_ABOUT_RETURN_TYPE = YES_ERROR;
				GCC_WARN_UNDECLARED_SELECTOR = YES;
				GCC_WARN_UNINITIALIZED_AUTOS = YES_AGGRESSIVE;
				GCC_WARN_UNUSED_FUNCTION = YES;
				GCC_WARN_UNUSED_VARIABLE = YES;
				IPHONEOS_DEPLOYMENT_TARGET = 16.4;
				MTL_ENABLE_DEBUG_INFO = INCLUDE_SOURCE;
				MTL_FAST_MATH = YES;
				ONLY_ACTIVE_ARCH = YES;
				SDKROOT = iphoneos;
				SWIFT_ACTIVE_COMPILATION_CONDITIONS = DEBUG;
				SWIFT_OPTIMIZATION_LEVEL = "-Onone";
			};
			name = Debug;
		};
		F573B7732A01423000ADB834 /* Release */ = {
			isa = XCBuildConfiguration;
			buildSettings = {
				ALWAYS_SEARCH_USER_PATHS = NO;
				CLANG_ANALYZER_NONNULL = YES;
				CLANG_ANALYZER_NUMBER_OBJECT_CONVERSION = YES_AGGRESSIVE;
				CLANG_CXX_LANGUAGE_STANDARD = "gnu++20";
				CLANG_ENABLE_MODULES = YES;
				CLANG_ENABLE_OBJC_ARC = YES;
				CLANG_ENABLE_OBJC_WEAK = YES;
				CLANG_WARN_BLOCK_CAPTURE_AUTORELEASING = YES;
				CLANG_WARN_BOOL_CONVERSION = YES;
				CLANG_WARN_COMMA = YES;
				CLANG_WARN_CONSTANT_CONVERSION = YES;
				CLANG_WARN_DEPRECATED_OBJC_IMPLEMENTATIONS = YES;
				CLANG_WARN_DIRECT_OBJC_ISA_USAGE = YES_ERROR;
				CLANG_WARN_DOCUMENTATION_COMMENTS = YES;
				CLANG_WARN_EMPTY_BODY = YES;
				CLANG_WARN_ENUM_CONVERSION = YES;
				CLANG_WARN_INFINITE_RECURSION = YES;
				CLANG_WARN_INT_CONVERSION = YES;
				CLANG_WARN_NON_LITERAL_NULL_CONVERSION = YES;
				CLANG_WARN_OBJC_IMPLICIT_RETAIN_SELF = YES;
				CLANG_WARN_OBJC_LITERAL_CONVERSION = YES;
				CLANG_WARN_OBJC_ROOT_CLASS = YES_ERROR;
				CLANG_WARN_QUOTED_INCLUDE_IN_FRAMEWORK_HEADER = YES;
				CLANG_WARN_RANGE_LOOP_ANALYSIS = YES;
				CLANG_WARN_STRICT_PROTOTYPES = YES;
				CLANG_WARN_SUSPICIOUS_MOVE = YES;
				CLANG_WARN_UNGUARDED_AVAILABILITY = YES_AGGRESSIVE;
				CLANG_WARN_UNREACHABLE_CODE = YES;
				CLANG_WARN__DUPLICATE_METHOD_MATCH = YES;
				COPY_PHASE_STRIP = NO;
				DEBUG_INFORMATION_FORMAT = "dwarf-with-dsym";
				ENABLE_NS_ASSERTIONS = NO;
				ENABLE_STRICT_OBJC_MSGSEND = YES;
				GCC_C_LANGUAGE_STANDARD = gnu11;
				GCC_NO_COMMON_BLOCKS = YES;
				GCC_WARN_64_TO_32_BIT_CONVERSION = YES;
				GCC_WARN_ABOUT_RETURN_TYPE = YES_ERROR;
				GCC_WARN_UNDECLARED_SELECTOR = YES;
				GCC_WARN_UNINITIALIZED_AUTOS = YES_AGGRESSIVE;
				GCC_WARN_UNUSED_FUNCTION = YES;
				GCC_WARN_UNUSED_VARIABLE = YES;
				IPHONEOS_DEPLOYMENT_TARGET = 16.4;
				MTL_ENABLE_DEBUG_INFO = NO;
				MTL_FAST_MATH = YES;
				SDKROOT = iphoneos;
				SWIFT_COMPILATION_MODE = wholemodule;
				SWIFT_OPTIMIZATION_LEVEL = "-O";
				VALIDATE_PRODUCT = YES;
			};
			name = Release;
		};
		F573B7752A01423000ADB834 /* Debug */ = {
			isa = XCBuildConfiguration;
			buildSettings = {
				ASSETCATALOG_COMPILER_APPICON_NAME = AppIcon;
				ASSETCATALOG_COMPILER_GLOBAL_ACCENT_COLOR_NAME = AccentColor;
				CODE_SIGN_STYLE = Automatic;
				CURRENT_PROJECT_VERSION = 1;
				DEVELOPMENT_ASSET_PATHS = "\"frontend/Preview Content\"";
				ENABLE_PREVIEWS = YES;
				GENERATE_INFOPLIST_FILE = YES;
				INFOPLIST_KEY_UIApplicationSceneManifest_Generation = YES;
				INFOPLIST_KEY_UIApplicationSupportsIndirectInputEvents = YES;
				INFOPLIST_KEY_UILaunchScreen_Generation = YES;
				INFOPLIST_KEY_UISupportedInterfaceOrientations_iPad = "UIInterfaceOrientationPortrait UIInterfaceOrientationPortraitUpsideDown UIInterfaceOrientationLandscapeLeft UIInterfaceOrientationLandscapeRight";
				INFOPLIST_KEY_UISupportedInterfaceOrientations_iPhone = "UIInterfaceOrientationPortrait UIInterfaceOrientationLandscapeLeft UIInterfaceOrientationLandscapeRight";
				LD_RUNPATH_SEARCH_PATHS = (
					"$(inherited)",
					"@executable_path/Frameworks",
				);
				MARKETING_VERSION = 1.0;
				PRODUCT_BUNDLE_IDENTIFIER = mobileAppProject.frontend;
				PRODUCT_NAME = "$(TARGET_NAME)";
				SWIFT_EMIT_LOC_STRINGS = YES;
				SWIFT_VERSION = 5.0;
				TARGETED_DEVICE_FAMILY = "1,2";
			};
			name = Debug;
		};
		F573B7762A01423000ADB834 /* Release */ = {
			isa = XCBuildConfiguration;
			buildSettings = {
				ASSETCATALOG_COMPILER_APPICON_NAME = AppIcon;
				ASSETCATALOG_COMPILER_GLOBAL_ACCENT_COLOR_NAME = AccentColor;
				CODE_SIGN_STYLE = Automatic;
				CURRENT_PROJECT_VERSION = 1;
				DEVELOPMENT_ASSET_PATHS = "\"frontend/Preview Content\"";
				ENABLE_PREVIEWS = YES;
				GENERATE_INFOPLIST_FILE = YES;
				INFOPLIST_KEY_UIApplicationSceneManifest_Generation = YES;
				INFOPLIST_KEY_UIApplicationSupportsIndirectInputEvents = YES;
				INFOPLIST_KEY_UILaunchScreen_Generation = YES;
				INFOPLIST_KEY_UISupportedInterfaceOrientations_iPad = "UIInterfaceOrientationPortrait UIInterfaceOrientationPortraitUpsideDown UIInterfaceOrientationLandscapeLeft UIInterfaceOrientationLandscapeRight";
				INFOPLIST_KEY_UISupportedInterfaceOrientations_iPhone = "UIInterfaceOrientationPortrait UIInterfaceOrientationLandscapeLeft UIInterfaceOrientationLandscapeRight";
				LD_RUNPATH_SEARCH_PATHS = (
					"$(inherited)",
					"@executable_path/Frameworks",
				);
				MARKETING_VERSION = 1.0;
				PRODUCT_BUNDLE_IDENTIFIER = mobileAppProject.frontend;
				PRODUCT_NAME = "$(TARGET_NAME)";
				SWIFT_EMIT_LOC_STRINGS = YES;
				SWIFT_VERSION = 5.0;
				TARGETED_DEVICE_FAMILY = "1,2";
			};
			name = Release;
		};
/* End XCBuildConfiguration section */

/* Begin XCConfigurationList section */
		F573B7612A01422C00ADB834 /* Build configuration list for PBXProject "frontend" */ = {
			isa = XCConfigurationList;
			buildConfigurations = (
				F573B7722A01423000ADB834 /* Debug */,
				F573B7732A01423000ADB834 /* Release */,
			);
			defaultConfigurationIsVisible = 0;
			defaultConfigurationName = Release;
		};
		F573B7742A01423000ADB834 /* Build configuration list for PBXNativeTarget "frontend" */ = {
			isa = XCConfigurationList;
			buildConfigurations = (
				F573B7752A01423000ADB834 /* Debug */,
				F573B7762A01423000ADB834 /* Release */,
			);
			defaultConfigurationIsVisible = 0;
			defaultConfigurationName = Release;
		};
/* End XCConfigurationList section */
	};
	rootObject = F573B75E2A01422C00ADB834 /* Project object */;
}
