// !$*UTF8*$!
{
	archiveVersion = 1;
	classes = {
	};
	objectVersion = 56;
	objects = {

/* Begin PBXBuildFile section */
		D4331C962A359F1500AD3026 /* kakao_login_tutorialApp.swift in Sources */ = {isa = PBXBuildFile; fileRef = D4331C952A359F1500AD3026 /* kakao_login_tutorialApp.swift */; };
		D4331C982A359F1500AD3026 /* ContentView.swift in Sources */ = {isa = PBXBuildFile; fileRef = D4331C972A359F1500AD3026 /* ContentView.swift */; };
		D4331C9A2A359F1700AD3026 /* Assets.xcassets in Resources */ = {isa = PBXBuildFile; fileRef = D4331C992A359F1700AD3026 /* Assets.xcassets */; };
		D4331C9D2A359F1700AD3026 /* Preview Assets.xcassets in Resources */ = {isa = PBXBuildFile; fileRef = D4331C9C2A359F1700AD3026 /* Preview Assets.xcassets */; };
		D4331CA72A359F1700AD3026 /* kakao_login_tutorialTests.swift in Sources */ = {isa = PBXBuildFile; fileRef = D4331CA62A359F1700AD3026 /* kakao_login_tutorialTests.swift */; };
		D4331CB12A359F1700AD3026 /* kakao_login_tutorialUITests.swift in Sources */ = {isa = PBXBuildFile; fileRef = D4331CB02A359F1700AD3026 /* kakao_login_tutorialUITests.swift */; };
		D4331CB32A359F1700AD3026 /* kakao_login_tutorialUITestsLaunchTests.swift in Sources */ = {isa = PBXBuildFile; fileRef = D4331CB22A359F1700AD3026 /* kakao_login_tutorialUITestsLaunchTests.swift */; };
		D4331CC12A35A36300AD3026 /* KakaoSDK in Frameworks */ = {isa = PBXBuildFile; productRef = D4331CC02A35A36300AD3026 /* KakaoSDK */; };
		D4331CC52A35A81100AD3026 /* MyAppDelegate.swift in Sources */ = {isa = PBXBuildFile; fileRef = D4331CC42A35A81100AD3026 /* MyAppDelegate.swift */; };
		D4331CC72A35AA4500AD3026 /* MySceneDelegate.swift in Sources */ = {isa = PBXBuildFile; fileRef = D4331CC62A35AA4500AD3026 /* MySceneDelegate.swift */; };
/* End PBXBuildFile section */

/* Begin PBXContainerItemProxy section */
		D4331CA32A359F1700AD3026 /* PBXContainerItemProxy */ = {
			isa = PBXContainerItemProxy;
			containerPortal = D4331C8A2A359F1400AD3026 /* Project object */;
			proxyType = 1;
			remoteGlobalIDString = D4331C912A359F1500AD3026;
			remoteInfo = kakao_login_tutorial;
		};
		D4331CAD2A359F1700AD3026 /* PBXContainerItemProxy */ = {
			isa = PBXContainerItemProxy;
			containerPortal = D4331C8A2A359F1400AD3026 /* Project object */;
			proxyType = 1;
			remoteGlobalIDString = D4331C912A359F1500AD3026;
			remoteInfo = kakao_login_tutorial;
		};
/* End PBXContainerItemProxy section */

/* Begin PBXFileReference section */
		D4331C922A359F1500AD3026 /* kakao_login_tutorial.app */ = {isa = PBXFileReference; explicitFileType = wrapper.application; includeInIndex = 0; path = kakao_login_tutorial.app; sourceTree = BUILT_PRODUCTS_DIR; };
		D4331C952A359F1500AD3026 /* kakao_login_tutorialApp.swift */ = {isa = PBXFileReference; lastKnownFileType = sourcecode.swift; path = kakao_login_tutorialApp.swift; sourceTree = "<group>"; };
		D4331C972A359F1500AD3026 /* ContentView.swift */ = {isa = PBXFileReference; lastKnownFileType = sourcecode.swift; path = ContentView.swift; sourceTree = "<group>"; };
		D4331C992A359F1700AD3026 /* Assets.xcassets */ = {isa = PBXFileReference; lastKnownFileType = folder.assetcatalog; path = Assets.xcassets; sourceTree = "<group>"; };
		D4331C9C2A359F1700AD3026 /* Preview Assets.xcassets */ = {isa = PBXFileReference; lastKnownFileType = folder.assetcatalog; path = "Preview Assets.xcassets"; sourceTree = "<group>"; };
		D4331CA22A359F1700AD3026 /* kakao_login_tutorialTests.xctest */ = {isa = PBXFileReference; explicitFileType = wrapper.cfbundle; includeInIndex = 0; path = kakao_login_tutorialTests.xctest; sourceTree = BUILT_PRODUCTS_DIR; };
		D4331CA62A359F1700AD3026 /* kakao_login_tutorialTests.swift */ = {isa = PBXFileReference; lastKnownFileType = sourcecode.swift; path = kakao_login_tutorialTests.swift; sourceTree = "<group>"; };
		D4331CAC2A359F1700AD3026 /* kakao_login_tutorialUITests.xctest */ = {isa = PBXFileReference; explicitFileType = wrapper.cfbundle; includeInIndex = 0; path = kakao_login_tutorialUITests.xctest; sourceTree = BUILT_PRODUCTS_DIR; };
		D4331CB02A359F1700AD3026 /* kakao_login_tutorialUITests.swift */ = {isa = PBXFileReference; lastKnownFileType = sourcecode.swift; path = kakao_login_tutorialUITests.swift; sourceTree = "<group>"; };
		D4331CB22A359F1700AD3026 /* kakao_login_tutorialUITestsLaunchTests.swift */ = {isa = PBXFileReference; lastKnownFileType = sourcecode.swift; path = kakao_login_tutorialUITestsLaunchTests.swift; sourceTree = "<group>"; };
		D4331CC22A35A3CF00AD3026 /* kakao-login-tutorial-Info.plist */ = {isa = PBXFileReference; lastKnownFileType = text.plist; path = "kakao-login-tutorial-Info.plist"; sourceTree = SOURCE_ROOT; };
		D4331CC32A35A5F400AD3026 /* Config.xcconfig */ = {isa = PBXFileReference; lastKnownFileType = text.xcconfig; path = Config.xcconfig; sourceTree = "<group>"; };
		D4331CC42A35A81100AD3026 /* MyAppDelegate.swift */ = {isa = PBXFileReference; lastKnownFileType = sourcecode.swift; path = MyAppDelegate.swift; sourceTree = "<group>"; };
		D4331CC62A35AA4500AD3026 /* MySceneDelegate.swift */ = {isa = PBXFileReference; lastKnownFileType = sourcecode.swift; path = MySceneDelegate.swift; sourceTree = "<group>"; };
/* End PBXFileReference section */

/* Begin PBXFrameworksBuildPhase section */
		D4331C8F2A359F1500AD3026 /* Frameworks */ = {
			isa = PBXFrameworksBuildPhase;
			buildActionMask = 2147483647;
			files = (
				D4331CC12A35A36300AD3026 /* KakaoSDK in Frameworks */,
			);
			runOnlyForDeploymentPostprocessing = 0;
		};
		D4331C9F2A359F1700AD3026 /* Frameworks */ = {
			isa = PBXFrameworksBuildPhase;
			buildActionMask = 2147483647;
			files = (
			);
			runOnlyForDeploymentPostprocessing = 0;
		};
		D4331CA92A359F1700AD3026 /* Frameworks */ = {
			isa = PBXFrameworksBuildPhase;
			buildActionMask = 2147483647;
			files = (
			);
			runOnlyForDeploymentPostprocessing = 0;
		};
/* End PBXFrameworksBuildPhase section */

/* Begin PBXGroup section */
		D4331C892A359F1400AD3026 = {
			isa = PBXGroup;
			children = (
				D4331C942A359F1500AD3026 /* kakao_login_tutorial */,
				D4331CA52A359F1700AD3026 /* kakao_login_tutorialTests */,
				D4331CAF2A359F1700AD3026 /* kakao_login_tutorialUITests */,
				D4331C932A359F1500AD3026 /* Products */,
			);
			sourceTree = "<group>";
		};
		D4331C932A359F1500AD3026 /* Products */ = {
			isa = PBXGroup;
			children = (
				D4331C922A359F1500AD3026 /* kakao_login_tutorial.app */,
				D4331CA22A359F1700AD3026 /* kakao_login_tutorialTests.xctest */,
				D4331CAC2A359F1700AD3026 /* kakao_login_tutorialUITests.xctest */,
			);
			name = Products;
			sourceTree = "<group>";
		};
		D4331C942A359F1500AD3026 /* kakao_login_tutorial */ = {
			isa = PBXGroup;
			children = (
				D4331CC22A35A3CF00AD3026 /* kakao-login-tutorial-Info.plist */,
				D4331C952A359F1500AD3026 /* kakao_login_tutorialApp.swift */,
				D4331C972A359F1500AD3026 /* ContentView.swift */,
				D4331C992A359F1700AD3026 /* Assets.xcassets */,
				D4331C9B2A359F1700AD3026 /* Preview Content */,
				D4331CC32A35A5F400AD3026 /* Config.xcconfig */,
				D4331CC42A35A81100AD3026 /* MyAppDelegate.swift */,
				D4331CC62A35AA4500AD3026 /* MySceneDelegate.swift */,
			);
			path = kakao_login_tutorial;
			sourceTree = "<group>";
		};
		D4331C9B2A359F1700AD3026 /* Preview Content */ = {
			isa = PBXGroup;
			children = (
				D4331C9C2A359F1700AD3026 /* Preview Assets.xcassets */,
			);
			path = "Preview Content";
			sourceTree = "<group>";
		};
		D4331CA52A359F1700AD3026 /* kakao_login_tutorialTests */ = {
			isa = PBXGroup;
			children = (
				D4331CA62A359F1700AD3026 /* kakao_login_tutorialTests.swift */,
			);
			path = kakao_login_tutorialTests;
			sourceTree = "<group>";
		};
		D4331CAF2A359F1700AD3026 /* kakao_login_tutorialUITests */ = {
			isa = PBXGroup;
			children = (
				D4331CB02A359F1700AD3026 /* kakao_login_tutorialUITests.swift */,
				D4331CB22A359F1700AD3026 /* kakao_login_tutorialUITestsLaunchTests.swift */,
			);
			path = kakao_login_tutorialUITests;
			sourceTree = "<group>";
		};
/* End PBXGroup section */

/* Begin PBXNativeTarget section */
		D4331C912A359F1500AD3026 /* kakao_login_tutorial */ = {
			isa = PBXNativeTarget;
			buildConfigurationList = D4331CB62A359F1700AD3026 /* Build configuration list for PBXNativeTarget "kakao_login_tutorial" */;
			buildPhases = (
				D4331C8E2A359F1500AD3026 /* Sources */,
				D4331C8F2A359F1500AD3026 /* Frameworks */,
				D4331C902A359F1500AD3026 /* Resources */,
			);
			buildRules = (
			);
			dependencies = (
			);
			name = kakao_login_tutorial;
			packageProductDependencies = (
				D4331CC02A35A36300AD3026 /* KakaoSDK */,
			);
			productName = kakao_login_tutorial;
			productReference = D4331C922A359F1500AD3026 /* kakao_login_tutorial.app */;
			productType = "com.apple.product-type.application";
		};
		D4331CA12A359F1700AD3026 /* kakao_login_tutorialTests */ = {
			isa = PBXNativeTarget;
			buildConfigurationList = D4331CB92A359F1700AD3026 /* Build configuration list for PBXNativeTarget "kakao_login_tutorialTests" */;
			buildPhases = (
				D4331C9E2A359F1700AD3026 /* Sources */,
				D4331C9F2A359F1700AD3026 /* Frameworks */,
				D4331CA02A359F1700AD3026 /* Resources */,
			);
			buildRules = (
			);
			dependencies = (
				D4331CA42A359F1700AD3026 /* PBXTargetDependency */,
			);
			name = kakao_login_tutorialTests;
			productName = kakao_login_tutorialTests;
			productReference = D4331CA22A359F1700AD3026 /* kakao_login_tutorialTests.xctest */;
			productType = "com.apple.product-type.bundle.unit-test";
		};
		D4331CAB2A359F1700AD3026 /* kakao_login_tutorialUITests */ = {
			isa = PBXNativeTarget;
			buildConfigurationList = D4331CBC2A359F1700AD3026 /* Build configuration list for PBXNativeTarget "kakao_login_tutorialUITests" */;
			buildPhases = (
				D4331CA82A359F1700AD3026 /* Sources */,
				D4331CA92A359F1700AD3026 /* Frameworks */,
				D4331CAA2A359F1700AD3026 /* Resources */,
			);
			buildRules = (
			);
			dependencies = (
				D4331CAE2A359F1700AD3026 /* PBXTargetDependency */,
			);
			name = kakao_login_tutorialUITests;
			productName = kakao_login_tutorialUITests;
			productReference = D4331CAC2A359F1700AD3026 /* kakao_login_tutorialUITests.xctest */;
			productType = "com.apple.product-type.bundle.ui-testing";
		};
/* End PBXNativeTarget section */

/* Begin PBXProject section */
		D4331C8A2A359F1400AD3026 /* Project object */ = {
			isa = PBXProject;
			attributes = {
				BuildIndependentTargetsInParallel = 1;
				LastSwiftUpdateCheck = 1420;
				LastUpgradeCheck = 1420;
				TargetAttributes = {
					D4331C912A359F1500AD3026 = {
						CreatedOnToolsVersion = 14.2;
					};
					D4331CA12A359F1700AD3026 = {
						CreatedOnToolsVersion = 14.2;
						TestTargetID = D4331C912A359F1500AD3026;
					};
					D4331CAB2A359F1700AD3026 = {
						CreatedOnToolsVersion = 14.2;
						TestTargetID = D4331C912A359F1500AD3026;
					};
				};
			};
			buildConfigurationList = D4331C8D2A359F1400AD3026 /* Build configuration list for PBXProject "kakao_login_tutorial" */;
			compatibilityVersion = "Xcode 14.0";
			developmentRegion = en;
			hasScannedForEncodings = 0;
			knownRegions = (
				en,
				Base,
			);
			mainGroup = D4331C892A359F1400AD3026;
			packageReferences = (
				D4331CBF2A35A36300AD3026 /* XCRemoteSwiftPackageReference "kakao-ios-sdk" */,
			);
			productRefGroup = D4331C932A359F1500AD3026 /* Products */;
			projectDirPath = "";
			projectRoot = "";
			targets = (
				D4331C912A359F1500AD3026 /* kakao_login_tutorial */,
				D4331CA12A359F1700AD3026 /* kakao_login_tutorialTests */,
				D4331CAB2A359F1700AD3026 /* kakao_login_tutorialUITests */,
			);
		};
/* End PBXProject section */

/* Begin PBXResourcesBuildPhase section */
		D4331C902A359F1500AD3026 /* Resources */ = {
			isa = PBXResourcesBuildPhase;
			buildActionMask = 2147483647;
			files = (
				D4331C9D2A359F1700AD3026 /* Preview Assets.xcassets in Resources */,
				D4331C9A2A359F1700AD3026 /* Assets.xcassets in Resources */,
			);
			runOnlyForDeploymentPostprocessing = 0;
		};
		D4331CA02A359F1700AD3026 /* Resources */ = {
			isa = PBXResourcesBuildPhase;
			buildActionMask = 2147483647;
			files = (
			);
			runOnlyForDeploymentPostprocessing = 0;
		};
		D4331CAA2A359F1700AD3026 /* Resources */ = {
			isa = PBXResourcesBuildPhase;
			buildActionMask = 2147483647;
			files = (
			);
			runOnlyForDeploymentPostprocessing = 0;
		};
/* End PBXResourcesBuildPhase section */

/* Begin PBXSourcesBuildPhase section */
		D4331C8E2A359F1500AD3026 /* Sources */ = {
			isa = PBXSourcesBuildPhase;
			buildActionMask = 2147483647;
			files = (
				D4331C982A359F1500AD3026 /* ContentView.swift in Sources */,
				D4331CC52A35A81100AD3026 /* MyAppDelegate.swift in Sources */,
				D4331C962A359F1500AD3026 /* kakao_login_tutorialApp.swift in Sources */,
				D4331CC72A35AA4500AD3026 /* MySceneDelegate.swift in Sources */,
			);
			runOnlyForDeploymentPostprocessing = 0;
		};
		D4331C9E2A359F1700AD3026 /* Sources */ = {
			isa = PBXSourcesBuildPhase;
			buildActionMask = 2147483647;
			files = (
				D4331CA72A359F1700AD3026 /* kakao_login_tutorialTests.swift in Sources */,
			);
			runOnlyForDeploymentPostprocessing = 0;
		};
		D4331CA82A359F1700AD3026 /* Sources */ = {
			isa = PBXSourcesBuildPhase;
			buildActionMask = 2147483647;
			files = (
				D4331CB32A359F1700AD3026 /* kakao_login_tutorialUITestsLaunchTests.swift in Sources */,
				D4331CB12A359F1700AD3026 /* kakao_login_tutorialUITests.swift in Sources */,
			);
			runOnlyForDeploymentPostprocessing = 0;
		};
/* End PBXSourcesBuildPhase section */

/* Begin PBXTargetDependency section */
		D4331CA42A359F1700AD3026 /* PBXTargetDependency */ = {
			isa = PBXTargetDependency;
			target = D4331C912A359F1500AD3026 /* kakao_login_tutorial */;
			targetProxy = D4331CA32A359F1700AD3026 /* PBXContainerItemProxy */;
		};
		D4331CAE2A359F1700AD3026 /* PBXTargetDependency */ = {
			isa = PBXTargetDependency;
			target = D4331C912A359F1500AD3026 /* kakao_login_tutorial */;
			targetProxy = D4331CAD2A359F1700AD3026 /* PBXContainerItemProxy */;
		};
/* End PBXTargetDependency section */

/* Begin XCBuildConfiguration section */
		D4331CB42A359F1700AD3026 /* Debug */ = {
			isa = XCBuildConfiguration;
			baseConfigurationReference = D4331CC32A35A5F400AD3026 /* Config.xcconfig */;
			buildSettings = {
				ALWAYS_SEARCH_USER_PATHS = NO;
				CLANG_ANALYZER_NONNULL = YES;
				CLANG_ANALYZER_NUMBER_OBJECT_CONVERSION = YES_AGGRESSIVE;
				CLANG_CXX_LANGUAGE_STANDARD = "gnu++20";
				CLANG_ENABLE_MODULES = YES;
				CLANG_ENABLE_OBJC_ARC = YES;
				CLANG_ENABLE_OBJC_WEAK = YES;
				CLANG_WARN_BLOCK_CAPTURE_AUTORELEASING = YES;
				CLANG_WARN_BOOL_CONVERSION = YES;
				CLANG_WARN_COMMA = YES;
				CLANG_WARN_CONSTANT_CONVERSION = YES;
				CLANG_WARN_DEPRECATED_OBJC_IMPLEMENTATIONS = YES;
				CLANG_WARN_DIRECT_OBJC_ISA_USAGE = YES_ERROR;
				CLANG_WARN_DOCUMENTATION_COMMENTS = YES;
				CLANG_WARN_EMPTY_BODY = YES;
				CLANG_WARN_ENUM_CONVERSION = YES;
				CLANG_WARN_INFINITE_RECURSION = YES;
				CLANG_WARN_INT_CONVERSION = YES;
				CLANG_WARN_NON_LITERAL_NULL_CONVERSION = YES;
				CLANG_WARN_OBJC_IMPLICIT_RETAIN_SELF = YES;
				CLANG_WARN_OBJC_LITERAL_CONVERSION = YES;
				CLANG_WARN_OBJC_ROOT_CLASS = YES_ERROR;
				CLANG_WARN_QUOTED_INCLUDE_IN_FRAMEWORK_HEADER = YES;
				CLANG_WARN_RANGE_LOOP_ANALYSIS = YES;
				CLANG_WARN_STRICT_PROTOTYPES = YES;
				CLANG_WARN_SUSPICIOUS_MOVE = YES;
				CLANG_WARN_UNGUARDED_AVAILABILITY = YES_AGGRESSIVE;
				CLANG_WARN_UNREACHABLE_CODE = YES;
				CLANG_WARN__DUPLICATE_METHOD_MATCH = YES;
				COPY_PHASE_STRIP = NO;
				DEBUG_INFORMATION_FORMAT = dwarf;
				ENABLE_STRICT_OBJC_MSGSEND = YES;
				ENABLE_TESTABILITY = YES;
				GCC_C_LANGUAGE_STANDARD = gnu11;
				GCC_DYNAMIC_NO_PIC = NO;
				GCC_NO_COMMON_BLOCKS = YES;
				GCC_OPTIMIZATION_LEVEL = 0;
				GCC_PREPROCESSOR_DEFINITIONS = (
					"DEBUG=1",
					"$(inherited)",
				);
				GCC_WARN_64_TO_32_BIT_CONVERSION = YES;
				GCC_WARN_ABOUT_RETURN_TYPE = YES_ERROR;
				GCC_WARN_UNDECLARED_SELECTOR = YES;
				GCC_WARN_UNINITIALIZED_AUTOS = YES_AGGRESSIVE;
				GCC_WARN_UNUSED_FUNCTION = YES;
				GCC_WARN_UNUSED_VARIABLE = YES;
				IPHONEOS_DEPLOYMENT_TARGET = 16.2;
				MTL_ENABLE_DEBUG_INFO = INCLUDE_SOURCE;
				MTL_FAST_MATH = YES;
				ONLY_ACTIVE_ARCH = YES;
				SDKROOT = iphoneos;
				SWIFT_ACTIVE_COMPILATION_CONDITIONS = DEBUG;
				SWIFT_OPTIMIZATION_LEVEL = "-Onone";
			};
			name = Debug;
		};
		D4331CB52A359F1700AD3026 /* Release */ = {
			isa = XCBuildConfiguration;
			baseConfigurationReference = D4331CC32A35A5F400AD3026 /* Config.xcconfig */;
			buildSettings = {
				ALWAYS_SEARCH_USER_PATHS = NO;
				CLANG_ANALYZER_NONNULL = YES;
				CLANG_ANALYZER_NUMBER_OBJECT_CONVERSION = YES_AGGRESSIVE;
				CLANG_CXX_LANGUAGE_STANDARD = "gnu++20";
				CLANG_ENABLE_MODULES = YES;
				CLANG_ENABLE_OBJC_ARC = YES;
				CLANG_ENABLE_OBJC_WEAK = YES;
				CLANG_WARN_BLOCK_CAPTURE_AUTORELEASING = YES;
				CLANG_WARN_BOOL_CONVERSION = YES;
				CLANG_WARN_COMMA = YES;
				CLANG_WARN_CONSTANT_CONVERSION = YES;
				CLANG_WARN_DEPRECATED_OBJC_IMPLEMENTATIONS = YES;
				CLANG_WARN_DIRECT_OBJC_ISA_USAGE = YES_ERROR;
				CLANG_WARN_DOCUMENTATION_COMMENTS = YES;
				CLANG_WARN_EMPTY_BODY = YES;
				CLANG_WARN_ENUM_CONVERSION = YES;
				CLANG_WARN_INFINITE_RECURSION = YES;
				CLANG_WARN_INT_CONVERSION = YES;
				CLANG_WARN_NON_LITERAL_NULL_CONVERSION = YES;
				CLANG_WARN_OBJC_IMPLICIT_RETAIN_SELF = YES;
				CLANG_WARN_OBJC_LITERAL_CONVERSION = YES;
				CLANG_WARN_OBJC_ROOT_CLASS = YES_ERROR;
				CLANG_WARN_QUOTED_INCLUDE_IN_FRAMEWORK_HEADER = YES;
				CLANG_WARN_RANGE_LOOP_ANALYSIS = YES;
				CLANG_WARN_STRICT_PROTOTYPES = YES;
				CLANG_WARN_SUSPICIOUS_MOVE = YES;
				CLANG_WARN_UNGUARDED_AVAILABILITY = YES_AGGRESSIVE;
				CLANG_WARN_UNREACHABLE_CODE = YES;
				CLANG_WARN__DUPLICATE_METHOD_MATCH = YES;
				COPY_PHASE_STRIP = NO;
				DEBUG_INFORMATION_FORMAT = "dwarf-with-dsym";
				ENABLE_NS_ASSERTIONS = NO;
				ENABLE_STRICT_OBJC_MSGSEND = YES;
				GCC_C_LANGUAGE_STANDARD = gnu11;
				GCC_NO_COMMON_BLOCKS = YES;
				GCC_WARN_64_TO_32_BIT_CONVERSION = YES;
				GCC_WARN_ABOUT_RETURN_TYPE = YES_ERROR;
				GCC_WARN_UNDECLARED_SELECTOR = YES;
				GCC_WARN_UNINITIALIZED_AUTOS = YES_AGGRESSIVE;
				GCC_WARN_UNUSED_FUNCTION = YES;
				GCC_WARN_UNUSED_VARIABLE = YES;
				IPHONEOS_DEPLOYMENT_TARGET = 16.2;
				MTL_ENABLE_DEBUG_INFO = NO;
				MTL_FAST_MATH = YES;
				SDKROOT = iphoneos;
				SWIFT_COMPILATION_MODE = wholemodule;
				SWIFT_OPTIMIZATION_LEVEL = "-O";
				VALIDATE_PRODUCT = YES;
			};
			name = Release;
		};
		D4331CB72A359F1700AD3026 /* Debug */ = {
			isa = XCBuildConfiguration;
			baseConfigurationReference = D4331CC32A35A5F400AD3026 /* Config.xcconfig */;
			buildSettings = {
				ASSETCATALOG_COMPILER_APPICON_NAME = AppIcon;
				ASSETCATALOG_COMPILER_GLOBAL_ACCENT_COLOR_NAME = AccentColor;
				CODE_SIGN_STYLE = Automatic;
				CURRENT_PROJECT_VERSION = 1;
				DEVELOPMENT_ASSET_PATHS = "\"kakao_login_tutorial/Preview Content\"";
				ENABLE_PREVIEWS = YES;
				GENERATE_INFOPLIST_FILE = YES;
				INFOPLIST_FILE = "kakao-login-tutorial-Info.plist";
				INFOPLIST_KEY_UIApplicationSceneManifest_Generation = YES;
				INFOPLIST_KEY_UIApplicationSupportsIndirectInputEvents = YES;
				INFOPLIST_KEY_UILaunchScreen_Generation = YES;
				INFOPLIST_KEY_UISupportedInterfaceOrientations_iPad = "UIInterfaceOrientationPortrait UIInterfaceOrientationPortraitUpsideDown UIInterfaceOrientationLandscapeLeft UIInterfaceOrientationLandscapeRight";
				INFOPLIST_KEY_UISupportedInterfaceOrientations_iPhone = "UIInterfaceOrientationPortrait UIInterfaceOrientationLandscapeLeft UIInterfaceOrientationLandscapeRight";
				LD_RUNPATH_SEARCH_PATHS = (
					"$(inherited)",
					"@executable_path/Frameworks",
				);
				MARKETING_VERSION = 1.0;
				PRODUCT_BUNDLE_IDENTIFIER = "kr.ac.kr.comp420.instructor.kakao-login-tutorial";
				PRODUCT_NAME = "$(TARGET_NAME)";
				SWIFT_EMIT_LOC_STRINGS = YES;
				SWIFT_VERSION = 5.0;
				TARGETED_DEVICE_FAMILY = "1,2";
			};
			name = Debug;
		};
		D4331CB82A359F1700AD3026 /* Release */ = {
			isa = XCBuildConfiguration;
			baseConfigurationReference = D4331CC32A35A5F400AD3026 /* Config.xcconfig */;
			buildSettings = {
				ASSETCATALOG_COMPILER_APPICON_NAME = AppIcon;
				ASSETCATALOG_COMPILER_GLOBAL_ACCENT_COLOR_NAME = AccentColor;
				CODE_SIGN_STYLE = Automatic;
				CURRENT_PROJECT_VERSION = 1;
				DEVELOPMENT_ASSET_PATHS = "\"kakao_login_tutorial/Preview Content\"";
				ENABLE_PREVIEWS = YES;
				GENERATE_INFOPLIST_FILE = YES;
				INFOPLIST_FILE = "kakao-login-tutorial-Info.plist";
				INFOPLIST_KEY_UIApplicationSceneManifest_Generation = YES;
				INFOPLIST_KEY_UIApplicationSupportsIndirectInputEvents = YES;
				INFOPLIST_KEY_UILaunchScreen_Generation = YES;
				INFOPLIST_KEY_UISupportedInterfaceOrientations_iPad = "UIInterfaceOrientationPortrait UIInterfaceOrientationPortraitUpsideDown UIInterfaceOrientationLandscapeLeft UIInterfaceOrientationLandscapeRight";
				INFOPLIST_KEY_UISupportedInterfaceOrientations_iPhone = "UIInterfaceOrientationPortrait UIInterfaceOrientationLandscapeLeft UIInterfaceOrientationLandscapeRight";
				LD_RUNPATH_SEARCH_PATHS = (
					"$(inherited)",
					"@executable_path/Frameworks",
				);
				MARKETING_VERSION = 1.0;
				PRODUCT_BUNDLE_IDENTIFIER = "kr.ac.kr.comp420.instructor.kakao-login-tutorial";
				PRODUCT_NAME = "$(TARGET_NAME)";
				SWIFT_EMIT_LOC_STRINGS = YES;
				SWIFT_VERSION = 5.0;
				TARGETED_DEVICE_FAMILY = "1,2";
			};
			name = Release;
		};
		D4331CBA2A359F1700AD3026 /* Debug */ = {
			isa = XCBuildConfiguration;
			buildSettings = {
				ALWAYS_EMBED_SWIFT_STANDARD_LIBRARIES = YES;
				BUNDLE_LOADER = "$(TEST_HOST)";
				CODE_SIGN_STYLE = Automatic;
				CURRENT_PROJECT_VERSION = 1;
				GENERATE_INFOPLIST_FILE = YES;
				IPHONEOS_DEPLOYMENT_TARGET = 16.2;
				MARKETING_VERSION = 1.0;
				PRODUCT_BUNDLE_IDENTIFIER = "kr.ac.kr.comp420.instructor.kakao-login-tutorialTests";
				PRODUCT_NAME = "$(TARGET_NAME)";
				SWIFT_EMIT_LOC_STRINGS = NO;
				SWIFT_VERSION = 5.0;
				TARGETED_DEVICE_FAMILY = "1,2";
				TEST_HOST = "$(BUILT_PRODUCTS_DIR)/kakao_login_tutorial.app/$(BUNDLE_EXECUTABLE_FOLDER_PATH)/kakao_login_tutorial";
			};
			name = Debug;
		};
		D4331CBB2A359F1700AD3026 /* Release */ = {
			isa = XCBuildConfiguration;
			buildSettings = {
				ALWAYS_EMBED_SWIFT_STANDARD_LIBRARIES = YES;
				BUNDLE_LOADER = "$(TEST_HOST)";
				CODE_SIGN_STYLE = Automatic;
				CURRENT_PROJECT_VERSION = 1;
				GENERATE_INFOPLIST_FILE = YES;
				IPHONEOS_DEPLOYMENT_TARGET = 16.2;
				MARKETING_VERSION = 1.0;
				PRODUCT_BUNDLE_IDENTIFIER = "kr.ac.kr.comp420.instructor.kakao-login-tutorialTests";
				PRODUCT_NAME = "$(TARGET_NAME)";
				SWIFT_EMIT_LOC_STRINGS = NO;
				SWIFT_VERSION = 5.0;
				TARGETED_DEVICE_FAMILY = "1,2";
				TEST_HOST = "$(BUILT_PRODUCTS_DIR)/kakao_login_tutorial.app/$(BUNDLE_EXECUTABLE_FOLDER_PATH)/kakao_login_tutorial";
			};
			name = Release;
		};
		D4331CBD2A359F1700AD3026 /* Debug */ = {
			isa = XCBuildConfiguration;
			buildSettings = {
				ALWAYS_EMBED_SWIFT_STANDARD_LIBRARIES = YES;
				CODE_SIGN_STYLE = Automatic;
				CURRENT_PROJECT_VERSION = 1;
				GENERATE_INFOPLIST_FILE = YES;
				MARKETING_VERSION = 1.0;
				PRODUCT_BUNDLE_IDENTIFIER = "kr.ac.kr.comp420.instructor.kakao-login-tutorialUITests";
				PRODUCT_NAME = "$(TARGET_NAME)";
				SWIFT_EMIT_LOC_STRINGS = NO;
				SWIFT_VERSION = 5.0;
				TARGETED_DEVICE_FAMILY = "1,2";
				TEST_TARGET_NAME = kakao_login_tutorial;
			};
			name = Debug;
		};
		D4331CBE2A359F1700AD3026 /* Release */ = {
			isa = XCBuildConfiguration;
			buildSettings = {
				ALWAYS_EMBED_SWIFT_STANDARD_LIBRARIES = YES;
				CODE_SIGN_STYLE = Automatic;
				CURRENT_PROJECT_VERSION = 1;
				GENERATE_INFOPLIST_FILE = YES;
				MARKETING_VERSION = 1.0;
				PRODUCT_BUNDLE_IDENTIFIER = "kr.ac.kr.comp420.instructor.kakao-login-tutorialUITests";
				PRODUCT_NAME = "$(TARGET_NAME)";
				SWIFT_EMIT_LOC_STRINGS = NO;
				SWIFT_VERSION = 5.0;
				TARGETED_DEVICE_FAMILY = "1,2";
				TEST_TARGET_NAME = kakao_login_tutorial;
			};
			name = Release;
		};
/* End XCBuildConfiguration section */

/* Begin XCConfigurationList section */
		D4331C8D2A359F1400AD3026 /* Build configuration list for PBXProject "kakao_login_tutorial" */ = {
			isa = XCConfigurationList;
			buildConfigurations = (
				D4331CB42A359F1700AD3026 /* Debug */,
				D4331CB52A359F1700AD3026 /* Release */,
			);
			defaultConfigurationIsVisible = 0;
			defaultConfigurationName = Release;
		};
		D4331CB62A359F1700AD3026 /* Build configuration list for PBXNativeTarget "kakao_login_tutorial" */ = {
			isa = XCConfigurationList;
			buildConfigurations = (
				D4331CB72A359F1700AD3026 /* Debug */,
				D4331CB82A359F1700AD3026 /* Release */,
			);
			defaultConfigurationIsVisible = 0;
			defaultConfigurationName = Release;
		};
		D4331CB92A359F1700AD3026 /* Build configuration list for PBXNativeTarget "kakao_login_tutorialTests" */ = {
			isa = XCConfigurationList;
			buildConfigurations = (
				D4331CBA2A359F1700AD3026 /* Debug */,
				D4331CBB2A359F1700AD3026 /* Release */,
			);
			defaultConfigurationIsVisible = 0;
			defaultConfigurationName = Release;
		};
		D4331CBC2A359F1700AD3026 /* Build configuration list for PBXNativeTarget "kakao_login_tutorialUITests" */ = {
			isa = XCConfigurationList;
			buildConfigurations = (
				D4331CBD2A359F1700AD3026 /* Debug */,
				D4331CBE2A359F1700AD3026 /* Release */,
			);
			defaultConfigurationIsVisible = 0;
			defaultConfigurationName = Release;
		};
/* End XCConfigurationList section */

/* Begin XCRemoteSwiftPackageReference section */
		D4331CBF2A35A36300AD3026 /* XCRemoteSwiftPackageReference "kakao-ios-sdk" */ = {
			isa = XCRemoteSwiftPackageReference;
			repositoryURL = "https://github.com/kakao/kakao-ios-sdk";
			requirement = {
				kind = upToNextMajorVersion;
				minimumVersion = 2.0.0;
			};
		};
/* End XCRemoteSwiftPackageReference section */

/* Begin XCSwiftPackageProductDependency section */
		D4331CC02A35A36300AD3026 /* KakaoSDK */ = {
			isa = XCSwiftPackageProductDependency;
			package = D4331CBF2A35A36300AD3026 /* XCRemoteSwiftPackageReference "kakao-ios-sdk" */;
			productName = KakaoSDK;
		};
/* End XCSwiftPackageProductDependency section */
	};
	rootObject = D4331C8A2A359F1400AD3026 /* Project object */;
}
